<?xml version="1.0" encoding="utf-8"?>
<Project ToolsVersion="4.0" xmlns="http://schemas.microsoft.com/developer/msbuild/2003">
  <ItemGroup>
    <Filter Include="common">
      <UniqueIdentifier>{c3b05835-55da-4f7a-b9e2-f4724b70da07}</UniqueIdentifier>
    </Filter>
    <Filter Include="gamelogic">
      <UniqueIdentifier>{4db8eaa3-917e-4e9c-b235-e1347128046b}</UniqueIdentifier>
    </Filter>
    <Filter Include="header">
      <UniqueIdentifier>{8cd7f1cc-2328-45a6-8b73-b6850baf1dd0}</UniqueIdentifier>
    </Filter>
    <Filter Include="lua">
      <UniqueIdentifier>{3fbf92b7-0886-4176-b554-b788ab8ab4a4}</UniqueIdentifier>
    </Filter>
    <Filter Include="资源文件">
      <UniqueIdentifier>{45a222f0-d7bb-42b3-b3af-4321a4e6cb0e}</UniqueIdentifier>
    </Filter>
    <Filter Include="Entities">
      <UniqueIdentifier>{19e0f039-51ea-44c7-aeb6-01af47debb9e}</UniqueIdentifier>
    </Filter>
    <Filter Include="Map">
      <UniqueIdentifier>{0a6733f3-d301-4e79-8a10-550a5194c75b}</UniqueIdentifier>
    </Filter>
    <Filter Include="Config">
      <UniqueIdentifier>{3d97c3d9-822b-4b20-b292-cfea46abfece}</UniqueIdentifier>
    </Filter>
  </ItemGroup>
  <ItemGroup>
    <ClCompile Include="src\checknamesvrConnecter.cpp">
      <Filter>common</Filter>
    </ClCompile>
    <ClCompile Include="src\dbsvrGameConnecter.cpp">
      <Filter>common</Filter>
    </ClCompile>
    <ClCompile Include="src\gamegatewaySession.cpp">
      <Filter>common</Filter>
    </ClCompile>
    <ClCompile Include="src\gamesvr.cpp">
      <Filter>common</Filter>
    </ClCompile>
    <ClCompile Include="src\GmServerManageConnecter.cpp">
      <Filter>common</Filter>
    </ClCompile>
    <ClCompile Include="src\loginsvrGameConnecter.cpp">
      <Filter>common</Filter>
    </ClCompile>
    <ClCompile Include="src\LogSvrConnecter.cpp">
      <Filter>common</Filter>
    </ClCompile>
    <ClCompile Include="src\superGameSvrConnecter.cpp">
      <Filter>common</Filter>
    </ClCompile>
    <ClCompile Include="src\workthread.cpp">
      <Filter>common</Filter>
    </ClCompile>
    <ClCompile Include="src\gamelogic\Chat.cpp">
      <Filter>gamelogic</Filter>
    </ClCompile>
    <ClCompile Include="src\gamelogic\Item.cpp">
      <Filter>gamelogic</Filter>
    </ClCompile>
    <ClCompile Include="src\gamelogic\LocalDB.cpp">
      <Filter>gamelogic</Filter>
    </ClCompile>
    <ClCompile Include="src\gamelogic\Magic.cpp">
      <Filter>gamelogic</Filter>
    </ClCompile>
    <ClCompile Include="src\gamelogic\MagicFunc.cpp">
      <Filter>gamelogic</Filter>
    </ClCompile>
    <ClCompile Include="src\gamelogic\MagicRange.cpp">
      <Filter>gamelogic</Filter>
    </ClCompile>
    <ClCompile Include="src\gamelogic\NpcTrade.cpp">
      <Filter>gamelogic</Filter>
    </ClCompile>
    <ClCompile Include="src\gamelogic\Package.cpp">
      <Filter>gamelogic</Filter>
    </ClCompile>
    <ClCompile Include="src\gamelogic\quest.cpp">
      <Filter>gamelogic</Filter>
    </ClCompile>
    <ClCompile Include="src\gamelogic\ScriptSql.cpp">
      <Filter>gamelogic</Filter>
    </ClCompile>
    <ClCompile Include="src\gamelogic\ShortCuts.cpp">
      <Filter>gamelogic</Filter>
    </ClCompile>
    <ClCompile Include="src\gamelogic\Trade.cpp">
      <Filter>gamelogic</Filter>
    </ClCompile>
    <ClCompile Include="src\gamelogic\UsrEngn.cpp">
      <Filter>gamelogic</Filter>
    </ClCompile>
    <ClCompile Include="src\globalSvrConnecter.cpp">
      <Filter>common</Filter>
    </ClCompile>
    <ClCompile Include="src\TencentApiGameSvrConnecter.cpp">
      <Filter>common</Filter>
    </ClCompile>
    <ClCompile Include="src\GameSvrProxyConnecter.cpp">
      <Filter>common</Filter>
    </ClCompile>
    <ClCompile Include="src\gamelogic\GlobalVarSession.cpp">
      <Filter>gamelogic</Filter>
    </ClCompile>
    <ClCompile Include="src\gamelogic\AStar.cpp">
      <Filter>gamelogic</Filter>
    </ClCompile>
    <ClCompile Include="src\gamelogic\MagicExtend.cpp">
      <Filter>gamelogic</Filter>
    </ClCompile>
    <ClCompile Include="src\globalproxyConnecter.cpp">
      <Filter>common</Filter>
    </ClCompile>
    <ClCompile Include="src\gamelogic\Script.cpp">
      <Filter>lua</Filter>
    </ClCompile>
    <ClCompile Include="src\gamelogic\ScriptClass.cpp">
      <Filter>lua</Filter>
    </ClCompile>
    <ClCompile Include="src\gamelogic\ScriptCreature.cpp">
      <Filter>lua</Filter>
    </ClCompile>
    <ClCompile Include="src\gamelogic\ScriptOther.cpp">
      <Filter>lua</Filter>
    </ClCompile>
    <ClCompile Include="src\gamelogic\ScriptQuest.cpp">
      <Filter>lua</Filter>
    </ClCompile>
    <ClCompile Include="src\gamelogic\ScriptStruct.cpp">
      <Filter>lua</Filter>
    </ClCompile>
    <ClCompile Include="src\gamelogic\ScriptStructBase.cpp">
      <Filter>lua</Filter>
    </ClCompile>
    <ClCompile Include="src\gamelogic\WorldBoss.cpp">
      <Filter>gamelogic</Filter>
    </ClCompile>
    <ClCompile Include="src\gamelogic\CrawlingLadder.cpp">
      <Filter>gamelogic</Filter>
    </ClCompile>
    <ClCompile Include="src\gamelogic\ActivityCommon.cpp">
      <Filter>gamelogic</Filter>
    </ClCompile>
    <ClCompile Include="src\gamelogic\ScriptActivity.cpp">
      <Filter>lua</Filter>
    </ClCompile>
    <ClCompile Include="src\gamelogic\MapObject.cpp">
      <Filter>Entities</Filter>
    </ClCompile>
    <ClCompile Include="src\gamelogic\BaseCreature.cpp">
      <Filter>Entities</Filter>
    </ClCompile>
    <ClCompile Include="src\gamelogic\Pet.cpp">
      <Filter>Entities</Filter>
    </ClCompile>
    <ClCompile Include="src\gamelogic\PlayerObj.cpp">
      <Filter>Entities</Filter>
    </ClCompile>
    <ClCompile Include="src\gamelogic\Npc.cpp">
      <Filter>Entities</Filter>
    </ClCompile>
    <ClCompile Include="src\gamelogic\MapEvent.cpp">
      <Filter>Entities</Filter>
    </ClCompile>
    <ClCompile Include="src\gamelogic\MapBase.cpp">
      <Filter>Map</Filter>
    </ClCompile>
    <ClCompile Include="src\gamelogic\GameMap.cpp">
      <Filter>Map</Filter>
    </ClCompile>
    <ClCompile Include="src\gamelogic\MapRegion.cpp">
      <Filter>Map</Filter>
    </ClCompile>
    <ClCompile Include="src\gamelogic\ScriptEnum.cpp">
      <Filter>lua</Filter>
    </ClCompile>
    <ClCompile Include="src\gamelogic\MonsterObj.cpp">
      <Filter>Entities</Filter>
    </ClCompile>
    <ClCompile Include="src\gamelogic\MapMagicEvent.cpp">
      <Filter>Entities</Filter>
    </ClCompile>
    <ClCompile Include="src\gamelogic\MapItemEvent.cpp">
      <Filter>Entities</Filter>
    </ClCompile>
    <ClCompile Include="src\gamelogic\Config.cpp">
      <Filter>Config</Filter>
    </ClCompile>
    <ClCompile Include="src\gamelogic\JsonConfig.cpp">
      <Filter>Config</Filter>
    </ClCompile>
    <ClCompile Include="src\gamelogic\PetManager.cpp">
      <Filter>gamelogic</Filter>
    </ClCompile>
    <ClCompile Include="src\gamelogic\SkyLadder.cpp">
      <Filter>gamelogic</Filter>
    </ClCompile>
    <ClCompile Include="src\gamelogic\MapCell.cpp">
      <Filter>Map</Filter>
    </ClCompile>
    <ClCompile Include="src\gamelogic\Robot.cpp">
      <Filter>Entities</Filter>
    </ClCompile>
    <ClCompile Include="src\gamelogic\GuildFortress.cpp">
      <Filter>gamelogic</Filter>
    </ClCompile>
  </ItemGroup>
  <ItemGroup>
    <ClInclude Include="src\checknamesvrConnecter.h">
      <Filter>common</Filter>
    </ClInclude>
    <ClInclude Include="src\dbsvrGameConnecter.h">
      <Filter>common</Filter>
    </ClInclude>
    <ClInclude Include="src\gamegatewaySession.h">
      <Filter>common</Filter>
    </ClInclude>
    <ClInclude Include="src\gamesvr.h">
      <Filter>common</Filter>
    </ClInclude>
    <ClInclude Include="src\GmServerManageConnecter.h">
      <Filter>common</Filter>
    </ClInclude>
    <ClInclude Include="src\loginsvrGameConnecter.h">
      <Filter>common</Filter>
    </ClInclude>
    <ClInclude Include="src\LogSvrConnecter.h">
      <Filter>common</Filter>
    </ClInclude>
    <ClInclude Include="src\superGameSvrConnecter.h">
      <Filter>common</Filter>
    </ClInclude>
    <ClInclude Include="src\workthread.h">
      <Filter>common</Filter>
    </ClInclude>
    <ClInclude Include="src\globalSvrConnecter.h">
      <Filter>common</Filter>
    </ClInclude>
    <ClInclude Include="src\TencentApiGameSvrConnecter.h">
      <Filter>common</Filter>
    </ClInclude>
    <ClInclude Include="src\GameSvrProxyConnecter.h">
      <Filter>common</Filter>
    </ClInclude>
    <ClInclude Include="src\globalproxyConnecter.h">
      <Filter>common</Filter>
    </ClInclude>
    <ClInclude Include="src\gamelogic\AStar.h">
      <Filter>header</Filter>
    </ClInclude>
    <ClInclude Include="src\gamelogic\BaseCreature.h">
      <Filter>header</Filter>
    </ClInclude>
    <ClInclude Include="src\gamelogic\Chat.h">
      <Filter>header</Filter>
    </ClInclude>
    <ClInclude Include="src\gamelogic\GameMap.h">
      <Filter>header</Filter>
    </ClInclude>
    <ClInclude Include="src\gamelogic\GlobalVarSession.h">
      <Filter>header</Filter>
    </ClInclude>
    <ClInclude Include="src\gamelogic\Item.h">
      <Filter>header</Filter>
    </ClInclude>
    <ClInclude Include="src\gamelogic\LocalDB.h">
      <Filter>header</Filter>
    </ClInclude>
    <ClInclude Include="src\gamelogic\Magic.h">
      <Filter>header</Filter>
    </ClInclude>
    <ClInclude Include="src\gamelogic\MagicExtend.h">
      <Filter>header</Filter>
    </ClInclude>
    <ClInclude Include="src\gamelogic\MagicRange.h">
      <Filter>header</Filter>
    </ClInclude>
    <ClInclude Include="src\gamelogic\MapEvent.h">
      <Filter>header</Filter>
    </ClInclude>
    <ClInclude Include="src\gamelogic\MonsterObj.h">
      <Filter>header</Filter>
    </ClInclude>
    <ClInclude Include="src\gamelogic\Npc.h">
      <Filter>header</Filter>
    </ClInclude>
    <ClInclude Include="src\gamelogic\NpcTrade.h">
      <Filter>header</Filter>
    </ClInclude>
    <ClInclude Include="src\gamelogic\Package.h">
      <Filter>header</Filter>
    </ClInclude>
    <ClInclude Include="src\gamelogic\Pet.h">
      <Filter>header</Filter>
    </ClInclude>
    <ClInclude Include="src\gamelogic\PlayerObj.h">
      <Filter>header</Filter>
    </ClInclude>
    <ClInclude Include="src\gamelogic\quest.h">
      <Filter>header</Filter>
    </ClInclude>
    <ClInclude Include="src\gamelogic\Script.h">
      <Filter>header</Filter>
    </ClInclude>
    <ClInclude Include="src\gamelogic\ShortCuts.h">
      <Filter>header</Filter>
    </ClInclude>
    <ClInclude Include="src\gamelogic\Trade.h">
      <Filter>header</Filter>
    </ClInclude>
    <ClInclude Include="src\gamelogic\UsrEngn.h">
      <Filter>header</Filter>
    </ClInclude>
    <ClInclude Include="src\gamelogic\WorldBoss.h">
      <Filter>header</Filter>
    </ClInclude>
    <ClInclude Include="src\gamelogic\CrawlingLadder.h">
      <Filter>header</Filter>
    </ClInclude>
    <ClInclude Include="src\gamelogic\ActivityCommon.h">
      <Filter>header</Filter>
    </ClInclude>
    <ClInclude Include="src\gamelogic\MapObject.h">
      <Filter>header</Filter>
    </ClInclude>
    <ClInclude Include="src\gamelogic\MapBase.h">
      <Filter>header</Filter>
    </ClInclude>
    <ClInclude Include="src\gamelogic\MapRegion.h">
      <Filter>header</Filter>
    </ClInclude>
    <ClInclude Include="src\gamelogic\MapDef.h">
      <Filter>header</Filter>
    </ClInclude>
    <ClInclude Include="src\gamelogic\Point.h">
      <Filter>header</Filter>
    </ClInclude>
    <ClInclude Include="src\gamelogic\JsonStruct.h">
      <Filter>header</Filter>
    </ClInclude>
    <ClInclude Include="src\gamelogic\MapItemEvent.h">
      <Filter>header</Filter>
    </ClInclude>
    <ClInclude Include="src\gamelogic\MapMagicEvent.h">
      <Filter>header</Filter>
    </ClInclude>
    <ClInclude Include="src\gamelogic\Config.h">
      <Filter>Config</Filter>
    </ClInclude>
    <ClInclude Include="src\gamelogic\JsonConfig.h">
      <Filter>Config</Filter>
    </ClInclude>
    <ClInclude Include="src\gamelogic\PetManager.h">
      <Filter>header</Filter>
    </ClInclude>
    <ClInclude Include="src\gamelogic\SkyLadder.h">
      <Filter>header</Filter>
    </ClInclude>
    <ClInclude Include="src\gamelogic\Robot.h">
      <Filter>header</Filter>
    </ClInclude>
    <ClInclude Include="src\gamelogic\Buff.h">
      <Filter>header</Filter>
    </ClInclude>
    <ClInclude Include="src\gamelogic\HashKey.h">
      <Filter>header</Filter>
    </ClInclude>
    <ClInclude Include="src\gamelogic\MapCell.h">
      <Filter>header</Filter>
    </ClInclude>
    <ClInclude Include="src\gamelogic\GuildFortress.h">
      <Filter>header</Filter>
    </ClInclude>
    <ClInclude Include="src\gamelogic\GameDef.h">
      <Filter>header</Filter>
    </ClInclude>
    <ClInclude Include="src\gamelogic\JsonStructEx.h">
      <Filter>header</Filter>
    </ClInclude>
  </ItemGroup>
  <ItemGroup>
    <None Include="src\res\toolbar.bmp">
      <Filter>资源文件</Filter>
    </None>
    <None Include="src\res\icon.ico">
      <Filter>资源文件</Filter>
    </None>
    <None Include="src\res\resource.aps">
      <Filter>资源文件</Filter>
    </None>
  </ItemGroup>
  <ItemGroup>
    <ResourceCompile Include="src\res\resource.rc">
      <Filter>资源文件</Filter>
    </ResourceCompile>
  </ItemGroup>
</Project>